
Microsoft Visual Studio Solution File, Format Version 12.00
# Visual Studio 15
VisualStudioVersion = 15.0.26730.12
MinimumVisualStudioVersion = 10.0.40219.1
Project("{FAE04EC0-301F-11D3-BF4B-00C04F79EFBC}") = "U01091701", "U01091701\U01091701.csproj", "{D010C9B3-AF32-4C61-9636-ABE98F6CD6BE}"
EndProject
Global
	GlobalSection(SolutionConfigurationPlatforms) = preSolution
		Debug|Any CPU = Debug|Any CPU
		Release|Any CPU = Release|Any CPU
	EndGlobalSection
	GlobalSection(ProjectConfigurationPlatforms) = postSolution
		{D010C9B3-AF32-4C61-9636-ABE98F6CD6BE}.Debug|Any CPU.ActiveCfg = Debug|Any CPU
		{D010C9B3-AF32-4C61-9636-ABE98F6CD6BE}.Debug|Any CPU.Build.0 = Debug|Any CPU
		{D010C9B3-AF32-4C61-9636-ABE98F6CD6BE}.Release|Any CPU.ActiveCfg = Release|Any CPU
		{D010C9B3-AF32-4C61-9636-ABE98F6CD6BE}.Release|Any CPU.Build.0 = Release|Any CPU
	EndGlobalSection
	GlobalSection(SolutionProperties) = preSolution
		HideSolutionNode = FALSE
	EndGlobalSection
	GlobalSection(ExtensibilityGlobals) = postSolution
		SolutionGuid = {D6DE4365-DBBF-4C24-91BA-BA9AD39E7C83}
	EndGlobalSection
EndGlobal
